{
  "name": "TimeBlockr",
  "lockfileVersion": 3,
  "requires": true,
  "packages": {
    "": {
      "dependencies": {
        "react": "19.0.0-rc-2d2cc042-20240809",
        "react-dom": "19.0.0-rc-2d2cc042-20240809"
      }
    },
    "node_modules/react": {
      "version": "19.0.0-rc-2d2cc042-20240809",
      "resolved": "https://registry.npmjs.org/react/-/react-19.0.0-rc-2d2cc042-20240809.tgz",
      "integrity": "sha512-+yW7RLHtdV9YKmHxFJoKrC80vJPv2If5J8MVw7Ui7NTcBs7bIpwSIaY2vrciPRb7B7JqG3TsZHxo12q/inYUhw==",
      "license": "MIT",
      "engines": {
        "node": ">=0.10.0"
      }
    },
    "node_modules/react-dom": {
      "version": "19.0.0-rc-2d2cc042-20240809",
      "resolved": "https://registry.npmjs.org/react-dom/-/react-dom-19.0.0-rc-2d2cc042-20240809.tgz",
      "integrity": "sha512-fe+8TmO3zevW08+LPk9qS93LE2Y5H87l3q6dHNM7zQpelCNCeaPGeSoHAsehx2e2LRv7Iapb/qJLAUUUT9pnvw==",
      "license": "MIT",
      "dependencies": {
        "scheduler": "0.25.0-rc-2d2cc042-20240809"
      },
      "peerDependencies": {
        "react": "19.0.0-rc-2d2cc042-20240809"
      }
    },
    "node_modules/scheduler": {
      "version": "0.25.0-rc-2d2cc042-20240809",
      "resolved": "https://registry.npmjs.org/scheduler/-/scheduler-0.25.0-rc-2d2cc042-20240809.tgz",
      "integrity": "sha512-Pce2RM+MMbQhcPWp21DiVnqlyjo4/Dz4cyW2pQpgz1fFoiuQL0Vfjt6A8M990V/2eBECcVvKAoKzYSAeLPmj6g==",
      "license": "MIT"
    }
  }
}
